
Microsoft Visual Studio Solution File, Format Version 12.00
# Visual Studio Version 17
VisualStudioVersion = 17.12.35527.113
MinimumVisualStudioVersion = 10.0.40219.1
Project("{FAE04EC0-301F-11D3-BF4B-00C04F79EFBC}") = "RestaurantAPI", "RestaurantAPI.csproj", "{81B74938-A438-4C7E-8A9E-75E5DA3FE0FF}"
EndProject
Global
	GlobalSection(SolutionConfigurationPlatforms) = preSolution
		Debug|Any CPU = Debug|Any CPU
		Release|Any CPU = Release|Any CPU
	EndGlobalSection
	GlobalSection(ProjectConfigurationPlatforms) = postSolution
		{81B74938-A438-4C7E-8A9E-75E5DA3FE0FF}.Debug|Any CPU.ActiveCfg = Debug|Any CPU
		{81B74938-A438-4C7E-8A9E-75E5DA3FE0FF}.Debug|Any CPU.Build.0 = Debug|Any CPU
		{81B74938-A438-4C7E-8A9E-75E5DA3FE0FF}.Release|Any CPU.ActiveCfg = Release|Any CPU
		{81B74938-A438-4C7E-8A9E-75E5DA3FE0FF}.Release|Any CPU.Build.0 = Release|Any CPU
	EndGlobalSection
	GlobalSection(SolutionProperties) = preSolution
		HideSolutionNode = FALSE
	EndGlobalSection
EndGlobal
